
Microsoft Visual Studio Solution File, Format Version 12.00
# Visual Studio Version 17
VisualStudioVersion = 17.8.34525.116
MinimumVisualStudioVersion = 10.0.40219.1
Project("{9A19103F-16F7-4668-BE54-9A1E7A4F7556}") = "semana3", "semana3\semana3.csproj", "{D19FF173-7E2F-44E1-A8F3-70873A0071F2}"
EndProject
Project("{FAE04EC0-301F-11D3-BF4B-00C04F79EFBC}") = "ejerciciosSwitch", "ejerciciosSwitch\ejerciciosSwitch.csproj", "{83E0A0AD-9CB9-412C-B537-5A4E1009612D}"
EndProject
Global
	GlobalSection(SolutionConfigurationPlatforms) = preSolution
		Debug|Any CPU = Debug|Any CPU
		Release|Any CPU = Release|Any CPU
	EndGlobalSection
	GlobalSection(ProjectConfigurationPlatforms) = postSolution
		{D19FF173-7E2F-44E1-A8F3-70873A0071F2}.Debug|Any CPU.ActiveCfg = Debug|Any CPU
		{D19FF173-7E2F-44E1-A8F3-70873A0071F2}.Debug|Any CPU.Build.0 = Debug|Any CPU
		{D19FF173-7E2F-44E1-A8F3-70873A0071F2}.Release|Any CPU.ActiveCfg = Release|Any CPU
		{D19FF173-7E2F-44E1-A8F3-70873A0071F2}.Release|Any CPU.Build.0 = Release|Any CPU
		{83E0A0AD-9CB9-412C-B537-5A4E1009612D}.Debug|Any CPU.ActiveCfg = Debug|Any CPU
		{83E0A0AD-9CB9-412C-B537-5A4E1009612D}.Debug|Any CPU.Build.0 = Debug|Any CPU
		{83E0A0AD-9CB9-412C-B537-5A4E1009612D}.Release|Any CPU.ActiveCfg = Release|Any CPU
		{83E0A0AD-9CB9-412C-B537-5A4E1009612D}.Release|Any CPU.Build.0 = Release|Any CPU
	EndGlobalSection
	GlobalSection(SolutionProperties) = preSolution
		HideSolutionNode = FALSE
	EndGlobalSection
	GlobalSection(ExtensibilityGlobals) = postSolution
		SolutionGuid = {9B28A8AC-BEFB-4550-9AE0-B3431CC044ED}
	EndGlobalSection
EndGlobal
